
Microsoft Visual Studio Solution File, Format Version 12.00
# Visual Studio Version 16
VisualStudioVersion = 16.0.30002.166
MinimumVisualStudioVersion = 10.0.40219.1
Project("{FAE04EC0-301F-11D3-BF4B-00C04F79EFBC}") = "Đồ án", "Đồ án.csproj", "{A46330B3-E235-439A-8293-D03615F45230}"
EndProject
Global
	GlobalSection(SolutionConfigurationPlatforms) = preSolution
		Debug|Any CPU = Debug|Any CPU
		Release|Any CPU = Release|Any CPU
	EndGlobalSection
	GlobalSection(ProjectConfigurationPlatforms) = postSolution
		{A46330B3-E235-439A-8293-D03615F45230}.Debug|Any CPU.ActiveCfg = Debug|Any CPU
		{A46330B3-E235-439A-8293-D03615F45230}.Debug|Any CPU.Build.0 = Debug|Any CPU
		{A46330B3-E235-439A-8293-D03615F45230}.Release|Any CPU.ActiveCfg = Release|Any CPU
		{A46330B3-E235-439A-8293-D03615F45230}.Release|Any CPU.Build.0 = Release|Any CPU
	EndGlobalSection
	GlobalSection(SolutionProperties) = preSolution
		HideSolutionNode = FALSE
	EndGlobalSection
	GlobalSection(ExtensibilityGlobals) = postSolution
		SolutionGuid = {55CB869F-C55A-4E38-9480-412D43BF53D7}
	EndGlobalSection
EndGlobal
